// !$*UTF8*$!
{
	archiveVersion = 1;
	classes = {
	};
	objectVersion = 46;
	objects = {

/* Begin PBXBuildFile section */
		94A9AA721E8928700038EAEB /* RegisterController.swift in Sources */ = {isa = PBXBuildFile; fileRef = 94A9AA5E1E8928700038EAEB /* RegisterController.swift */; };
		94A9AA731E8928700038EAEB /* InstagramApp.xcdatamodeld in Sources */ = {isa = PBXBuildFile; fileRef = 94A9AA601E8928700038EAEB /* InstagramApp.xcdatamodeld */; };
		94A9AA741E8928700038EAEB /* AppDelegate.swift in Sources */ = {isa = PBXBuildFile; fileRef = 94A9AA661E8928700038EAEB /* AppDelegate.swift */; };
		94A9AA751E8928700038EAEB /* Assets.xcassets in Resources */ = {isa = PBXBuildFile; fileRef = 94A9AA6A1E8928700038EAEB /* Assets.xcassets */; };
		94A9AA761E8928700038EAEB /* LaunchScreen.storyboard in Resources */ = {isa = PBXBuildFile; fileRef = 94A9AA6D1E8928700038EAEB /* LaunchScreen.storyboard */; };
		94A9AA771E8928700038EAEB /* Main.storyboard in Resources */ = {isa = PBXBuildFile; fileRef = 94A9AA6F1E8928700038EAEB /* Main.storyboard */; };
/* End PBXBuildFile section */

/* Begin PBXFileReference section */
		6EF4B9141E88B82C004ECA58 /* InstagramApp.app */ = {isa = PBXFileReference; explicitFileType = wrapper.application; includeInIndex = 0; path = InstagramApp.app; sourceTree = BUILT_PRODUCTS_DIR; };
		94A9AA5A1E8928700038EAEB /* Info.plist */ = {isa = PBXFileReference; fileEncoding = 4; lastKnownFileType = text.plist.xml; path = Info.plist; sourceTree = "<group>"; };
		94A9AA5E1E8928700038EAEB /* RegisterController.swift */ = {isa = PBXFileReference; fileEncoding = 4; lastKnownFileType = sourcecode.swift; path = RegisterController.swift; sourceTree = "<group>"; };
		94A9AA611E8928700038EAEB /* InstagramApp.xcdatamodel */ = {isa = PBXFileReference; lastKnownFileType = wrapper.xcdatamodel; path = InstagramApp.xcdatamodel; sourceTree = "<group>"; };
		94A9AA661E8928700038EAEB /* AppDelegate.swift */ = {isa = PBXFileReference; fileEncoding = 4; lastKnownFileType = sourcecode.swift; path = AppDelegate.swift; sourceTree = "<group>"; };
		94A9AA6A1E8928700038EAEB /* Assets.xcassets */ = {isa = PBXFileReference; lastKnownFileType = folder.assetcatalog; path = Assets.xcassets; sourceTree = "<group>"; };
		94A9AA6E1E8928700038EAEB /* Base */ = {isa = PBXFileReference; lastKnownFileType = file.storyboard; name = Base; path = Base.lproj/LaunchScreen.storyboard; sourceTree = "<group>"; };
		94A9AA701E8928700038EAEB /* Base */ = {isa = PBXFileReference; lastKnownFileType = file.storyboard; name = Base; path = Base.lproj/Main.storyboard; sourceTree = "<group>"; };
/* End PBXFileReference section */

/* Begin PBXFrameworksBuildPhase section */
		6EF4B9111E88B82C004ECA58 /* Frameworks */ = {
			isa = PBXFrameworksBuildPhase;
			buildActionMask = 2147483647;
			files = (
			);
			runOnlyForDeploymentPostprocessing = 0;
		};
/* End PBXFrameworksBuildPhase section */

/* Begin PBXGroup section */
		6EF4B90B1E88B82C004ECA58 = {
			isa = PBXGroup;
			children = (
				6EF4B9161E88B82C004ECA58 /* InstagramApp */,
				6EF4B9151E88B82C004ECA58 /* Products */,
			);
			sourceTree = "<group>";
		};
		6EF4B9151E88B82C004ECA58 /* Products */ = {
			isa = PBXGroup;
			children = (
				6EF4B9141E88B82C004ECA58 /* InstagramApp.app */,
			);
			name = Products;
			sourceTree = "<group>";
		};
		6EF4B9161E88B82C004ECA58 /* InstagramApp */ = {
			isa = PBXGroup;
			children = (
				94A9AA591E8928700038EAEB /* Config */,
				94A9AA5B1E8928700038EAEB /* Sources */,
			);
			path = InstagramApp;
			sourceTree = "<group>";
		};
		94A9AA591E8928700038EAEB /* Config */ = {
			isa = PBXGroup;
			children = (
				94A9AA5A1E8928700038EAEB /* Info.plist */,
			);
			path = Config;
			sourceTree = "<group>";
		};
		94A9AA5B1E8928700038EAEB /* Sources */ = {
			isa = PBXGroup;
			children = (
				94A9AA5C1E8928700038EAEB /* Controllers */,
				94A9AA5F1E8928700038EAEB /* CoreData */,
				94A9AA621E8928700038EAEB /* Helpers */,
				94A9AA651E8928700038EAEB /* Misc */,
				94A9AA671E8928700038EAEB /* Model */,
				94A9AA681E8928700038EAEB /* Resources */,
				94A9AA6B1E8928700038EAEB /* Services */,
				94A9AA6C1E8928700038EAEB /* UserInterface */,
			);
			path = Sources;
			sourceTree = "<group>";
		};
		94A9AA5C1E8928700038EAEB /* Controllers */ = {
			isa = PBXGroup;
			children = (
				94A9AA5D1E8928700038EAEB /* Register */,
			);
			path = Controllers;
			sourceTree = "<group>";
		};
		94A9AA5D1E8928700038EAEB /* Register */ = {
			isa = PBXGroup;
			children = (
				94A9AA5E1E8928700038EAEB /* RegisterController.swift */,
			);
			path = Register;
			sourceTree = "<group>";
		};
		94A9AA5F1E8928700038EAEB /* CoreData */ = {
			isa = PBXGroup;
			children = (
				94A9AA601E8928700038EAEB /* InstagramApp.xcdatamodeld */,
			);
			path = CoreData;
			sourceTree = "<group>";
		};
		94A9AA621E8928700038EAEB /* Helpers */ = {
			isa = PBXGroup;
			children = (
				94A9AA631E8928700038EAEB /* Component */,
				94A9AA641E8928700038EAEB /* Extensions */,
			);
			path = Helpers;
			sourceTree = "<group>";
		};
		94A9AA631E8928700038EAEB /* Component */ = {
			isa = PBXGroup;
			children = (
			);
			path = Component;
			sourceTree = "<group>";
		};
		94A9AA641E8928700038EAEB /* Extensions */ = {
			isa = PBXGroup;
			children = (
			);
			path = Extensions;
			sourceTree = "<group>";
		};
		94A9AA651E8928700038EAEB /* Misc */ = {
			isa = PBXGroup;
			children = (
				94A9AA661E8928700038EAEB /* AppDelegate.swift */,
			);
			path = Misc;
			sourceTree = "<group>";
		};
		94A9AA671E8928700038EAEB /* Model */ = {
			isa = PBXGroup;
			children = (
			);
			path = Model;
			sourceTree = "<group>";
		};
		94A9AA681E8928700038EAEB /* Resources */ = {
			isa = PBXGroup;
			children = (
				94A9AA691E8928700038EAEB /* xcassets */,
			);
			path = Resources;
			sourceTree = "<group>";
		};
		94A9AA691E8928700038EAEB /* xcassets */ = {
			isa = PBXGroup;
			children = (
				94A9AA6A1E8928700038EAEB /* Assets.xcassets */,
			);
			path = xcassets;
			sourceTree = "<group>";
		};
		94A9AA6B1E8928700038EAEB /* Services */ = {
			isa = PBXGroup;
			children = (
			);
			path = Services;
			sourceTree = "<group>";
		};
		94A9AA6C1E8928700038EAEB /* UserInterface */ = {
			isa = PBXGroup;
			children = (
				94A9AA6D1E8928700038EAEB /* LaunchScreen.storyboard */,
				94A9AA6F1E8928700038EAEB /* Main.storyboard */,
			);
			path = UserInterface;
			sourceTree = "<group>";
		};
/* End PBXGroup section */

/* Begin PBXNativeTarget section */
		6EF4B9131E88B82C004ECA58 /* InstagramApp */ = {
			isa = PBXNativeTarget;
			buildConfigurationList = 6EF4B9291E88B82C004ECA58 /* Build configuration list for PBXNativeTarget "InstagramApp" */;
			buildPhases = (
				6EF4B9101E88B82C004ECA58 /* Sources */,
				6EF4B9111E88B82C004ECA58 /* Frameworks */,
				6EF4B9121E88B82C004ECA58 /* Resources */,
			);
			buildRules = (
			);
			dependencies = (
			);
			name = InstagramApp;
			productName = InstagramApp;
			productReference = 6EF4B9141E88B82C004ECA58 /* InstagramApp.app */;
			productType = "com.apple.product-type.application";
		};
/* End PBXNativeTarget section */

/* Begin PBXProject section */
		6EF4B90C1E88B82C004ECA58 /* Project object */ = {
			isa = PBXProject;
			attributes = {
				LastSwiftUpdateCheck = 0820;
				LastUpgradeCheck = 0820;
				ORGANIZATIONNAME = "André Campopiano";
				TargetAttributes = {
					6EF4B9131E88B82C004ECA58 = {
						CreatedOnToolsVersion = 8.2.1;
						DevelopmentTeam = K2ZUEY4TKM;
						ProvisioningStyle = Automatic;
					};
				};
			};
			buildConfigurationList = 6EF4B90F1E88B82C004ECA58 /* Build configuration list for PBXProject "InstagramApp" */;
			compatibilityVersion = "Xcode 3.2";
			developmentRegion = English;
			hasScannedForEncodings = 0;
			knownRegions = (
				en,
				Base,
			);
			mainGroup = 6EF4B90B1E88B82C004ECA58;
			productRefGroup = 6EF4B9151E88B82C004ECA58 /* Products */;
			projectDirPath = "";
			projectRoot = "";
			targets = (
				6EF4B9131E88B82C004ECA58 /* InstagramApp */,
			);
		};
/* End PBXProject section */

/* Begin PBXResourcesBuildPhase section */
		6EF4B9121E88B82C004ECA58 /* Resources */ = {
			isa = PBXResourcesBuildPhase;
			buildActionMask = 2147483647;
			files = (
				94A9AA761E8928700038EAEB /* LaunchScreen.storyboard in Resources */,
				94A9AA751E8928700038EAEB /* Assets.xcassets in Resources */,
				94A9AA771E8928700038EAEB /* Main.storyboard in Resources */,
			);
			runOnlyForDeploymentPostprocessing = 0;
		};
/* End PBXResourcesBuildPhase section */

/* Begin PBXSourcesBuildPhase section */
		6EF4B9101E88B82C004ECA58 /* Sources */ = {
			isa = PBXSourcesBuildPhase;
			buildActionMask = 2147483647;
			files = (
				94A9AA741E8928700038EAEB /* AppDelegate.swift in Sources */,
				94A9AA731E8928700038EAEB /* InstagramApp.xcdatamodeld in Sources */,
				94A9AA721E8928700038EAEB /* RegisterController.swift in Sources */,
			);
			runOnlyForDeploymentPostprocessing = 0;
		};
/* End PBXSourcesBuildPhase section */

/* Begin PBXVariantGroup section */
		94A9AA6D1E8928700038EAEB /* LaunchScreen.storyboard */ = {
			isa = PBXVariantGroup;
			children = (
				94A9AA6E1E8928700038EAEB /* Base */,
			);
			name = LaunchScreen.storyboard;
			sourceTree = "<group>";
		};
		94A9AA6F1E8928700038EAEB /* Main.storyboard */ = {
			isa = PBXVariantGroup;
			children = (
				94A9AA701E8928700038EAEB /* Base */,
			);
			name = Main.storyboard;
			sourceTree = "<group>";
		};
/* End PBXVariantGroup section */

/* Begin XCBuildConfiguration section */
		6EF4B9271E88B82C004ECA58 /* Debug */ = {
			isa = XCBuildConfiguration;
			buildSettings = {
				ALWAYS_SEARCH_USER_PATHS = NO;
				CLANG_ANALYZER_NONNULL = YES;
				CLANG_CXX_LANGUAGE_STANDARD = "gnu++0x";
				CLANG_CXX_LIBRARY = "libc++";
				CLANG_ENABLE_MODULES = YES;
				CLANG_ENABLE_OBJC_ARC = YES;
				CLANG_WARN_BOOL_CONVERSION = YES;
				CLANG_WARN_CONSTANT_CONVERSION = YES;
				CLANG_WARN_DIRECT_OBJC_ISA_USAGE = YES_ERROR;
				CLANG_WARN_DOCUMENTATION_COMMENTS = YES;
				CLANG_WARN_EMPTY_BODY = YES;
				CLANG_WARN_ENUM_CONVERSION = YES;
				CLANG_WARN_INFINITE_RECURSION = YES;
				CLANG_WARN_INT_CONVERSION = YES;
				CLANG_WARN_OBJC_ROOT_CLASS = YES_ERROR;
				CLANG_WARN_SUSPICIOUS_MOVE = YES;
				CLANG_WARN_UNREACHABLE_CODE = YES;
				CLANG_WARN__DUPLICATE_METHOD_MATCH = YES;
				"CODE_SIGN_IDENTITY[sdk=iphoneos*]" = "iPhone Developer";
				COPY_PHASE_STRIP = NO;
				DEBUG_INFORMATION_FORMAT = dwarf;
				ENABLE_STRICT_OBJC_MSGSEND = YES;
				ENABLE_TESTABILITY = YES;
				GCC_C_LANGUAGE_STANDARD = gnu99;
				GCC_DYNAMIC_NO_PIC = NO;
				GCC_NO_COMMON_BLOCKS = YES;
				GCC_OPTIMIZATION_LEVEL = 0;
				GCC_PREPROCESSOR_DEFINITIONS = (
					"DEBUG=1",
					"$(inherited)",
				);
				GCC_WARN_64_TO_32_BIT_CONVERSION = YES;
				GCC_WARN_ABOUT_RETURN_TYPE = YES_ERROR;
				GCC_WARN_UNDECLARED_SELECTOR = YES;
				GCC_WARN_UNINITIALIZED_AUTOS = YES_AGGRESSIVE;
				GCC_WARN_UNUSED_FUNCTION = YES;
				GCC_WARN_UNUSED_VARIABLE = YES;
				IPHONEOS_DEPLOYMENT_TARGET = 10.2;
				MTL_ENABLE_DEBUG_INFO = YES;
				ONLY_ACTIVE_ARCH = YES;
				SDKROOT = iphoneos;
				SWIFT_ACTIVE_COMPILATION_CONDITIONS = DEBUG;
				SWIFT_OPTIMIZATION_LEVEL = "-Onone";
			};
			name = Debug;
		};
		6EF4B9281E88B82C004ECA58 /* Release */ = {
			isa = XCBuildConfiguration;
			buildSettings = {
				ALWAYS_SEARCH_USER_PATHS = NO;
				CLANG_ANALYZER_NONNULL = YES;
				CLANG_CXX_LANGUAGE_STANDARD = "gnu++0x";
				CLANG_CXX_LIBRARY = "libc++";
				CLANG_ENABLE_MODULES = YES;
				CLANG_ENABLE_OBJC_ARC = YES;
				CLANG_WARN_BOOL_CONVERSION = YES;
				CLANG_WARN_CONSTANT_CONVERSION = YES;
				CLANG_WARN_DIRECT_OBJC_ISA_USAGE = YES_ERROR;
				CLANG_WARN_DOCUMENTATION_COMMENTS = YES;
				CLANG_WARN_EMPTY_BODY = YES;
				CLANG_WARN_ENUM_CONVERSION = YES;
				CLANG_WARN_INFINITE_RECURSION = YES;
				CLANG_WARN_INT_CONVERSION = YES;
				CLANG_WARN_OBJC_ROOT_CLASS = YES_ERROR;
				CLANG_WARN_SUSPICIOUS_MOVE = YES;
				CLANG_WARN_UNREACHABLE_CODE = YES;
				CLANG_WARN__DUPLICATE_METHOD_MATCH = YES;
				"CODE_SIGN_IDENTITY[sdk=iphoneos*]" = "iPhone Developer";
				COPY_PHASE_STRIP = NO;
				DEBUG_INFORMATION_FORMAT = "dwarf-with-dsym";
				ENABLE_NS_ASSERTIONS = NO;
				ENABLE_STRICT_OBJC_MSGSEND = YES;
				GCC_C_LANGUAGE_STANDARD = gnu99;
				GCC_NO_COMMON_BLOCKS = YES;
				GCC_WARN_64_TO_32_BIT_CONVERSION = YES;
				GCC_WARN_ABOUT_RETURN_TYPE = YES_ERROR;
				GCC_WARN_UNDECLARED_SELECTOR = YES;
				GCC_WARN_UNINITIALIZED_AUTOS = YES_AGGRESSIVE;
				GCC_WARN_UNUSED_FUNCTION = YES;
				GCC_WARN_UNUSED_VARIABLE = YES;
				IPHONEOS_DEPLOYMENT_TARGET = 10.2;
				MTL_ENABLE_DEBUG_INFO = NO;
				SDKROOT = iphoneos;
				SWIFT_OPTIMIZATION_LEVEL = "-Owholemodule";
				VALIDATE_PRODUCT = YES;
			};
			name = Release;
		};
		6EF4B92A1E88B82C004ECA58 /* Debug */ = {
			isa = XCBuildConfiguration;
			buildSettings = {
				ASSETCATALOG_COMPILER_APPICON_NAME = AppIcon;
				DEVELOPMENT_TEAM = K2ZUEY4TKM;
				INFOPLIST_FILE = "$(SRCROOT)/InstagramApp/Config/Info.plist";
				LD_RUNPATH_SEARCH_PATHS = "$(inherited) @executable_path/Frameworks";
				PRODUCT_BUNDLE_IDENTIFIER = br.com.andrecampopiano.InstagramApp;
				PRODUCT_NAME = "$(TARGET_NAME)";
				SWIFT_VERSION = 3.0;
			};
			name = Debug;
		};
		6EF4B92B1E88B82C004ECA58 /* Release */ = {
			isa = XCBuildConfiguration;
			buildSettings = {
				ASSETCATALOG_COMPILER_APPICON_NAME = AppIcon;
				DEVELOPMENT_TEAM = K2ZUEY4TKM;
				INFOPLIST_FILE = "$(SRCROOT)/InstagramApp/Config/Info.plist";
				LD_RUNPATH_SEARCH_PATHS = "$(inherited) @executable_path/Frameworks";
				PRODUCT_BUNDLE_IDENTIFIER = br.com.andrecampopiano.InstagramApp;
				PRODUCT_NAME = "$(TARGET_NAME)";
				SWIFT_VERSION = 3.0;
			};
			name = Release;
		};
/* End XCBuildConfiguration section */

/* Begin XCConfigurationList section */
		6EF4B90F1E88B82C004ECA58 /* Build configuration list for PBXProject "InstagramApp" */ = {
			isa = XCConfigurationList;
			buildConfigurations = (
				6EF4B9271E88B82C004ECA58 /* Debug */,
				6EF4B9281E88B82C004ECA58 /* Release */,
			);
			defaultConfigurationIsVisible = 0;
			defaultConfigurationName = Release;
		};
		6EF4B9291E88B82C004ECA58 /* Build configuration list for PBXNativeTarget "InstagramApp" */ = {
			isa = XCConfigurationList;
			buildConfigurations = (
				6EF4B92A1E88B82C004ECA58 /* Debug */,
				6EF4B92B1E88B82C004ECA58 /* Release */,
			);
			defaultConfigurationIsVisible = 0;
			defaultConfigurationName = Release;
		};
/* End XCConfigurationList section */

/* Begin XCVersionGroup section */
		94A9AA601E8928700038EAEB /* InstagramApp.xcdatamodeld */ = {
			isa = XCVersionGroup;
			children = (
				94A9AA611E8928700038EAEB /* InstagramApp.xcdatamodel */,
			);
			currentVersion = 94A9AA611E8928700038EAEB /* InstagramApp.xcdatamodel */;
			path = InstagramApp.xcdatamodeld;
			sourceTree = "<group>";
			versionGroupType = wrapper.xcdatamodel;
		};
/* End XCVersionGroup section */
	};
	rootObject = 6EF4B90C1E88B82C004ECA58 /* Project object */;
}
